<?xml version="1.0" encoding="utf-8"?>
<Project ToolsVersion="4.0" xmlns="http://schemas.microsoft.com/developer/msbuild/2003">
  <ItemGroup>
    <Filter Include="源文件">
      <UniqueIdentifier>{4FC737F1-C7A5-4376-A066-2A32D752A2FF}</UniqueIdentifier>
      <Extensions>cpp;c;cc;cxx;def;odl;idl;hpj;bat;asm;asmx</Extensions>
    </Filter>
    <Filter Include="头文件">
      <UniqueIdentifier>{93995380-89BD-4b04-88EB-625FBE52EBFB}</UniqueIdentifier>
      <Extensions>h;hh;hpp;hxx;hm;inl;inc;ipp;xsd</Extensions>
    </Filter>
    <Filter Include="资源文件">
      <UniqueIdentifier>{67DA6AB6-F800-4c08-8B7A-83BB121AAD01}</UniqueIdentifier>
      <Extensions>rc;ico;cur;bmp;dlg;rc2;rct;bin;rgs;gif;jpg;jpeg;jpe;resx;tiff;tif;png;wav;mfcribbon-ms</Extensions>
    </Filter>
  </ItemGroup>
  <ItemGroup>
    <ClInclude Include="Sniffer-WindowsMFC.h">
      <Filter>头文件</Filter>
    </ClInclude>
    <ClInclude Include="stdafx.h">
      <Filter>头文件</Filter>
    </ClInclude>
    <ClInclude Include="targetver.h">
      <Filter>头文件</Filter>
    </ClInclude>
    <ClInclude Include="MainFrm.h">
      <Filter>头文件</Filter>
    </ClInclude>
    <ClInclude Include="ChildView.h">
      <Filter>头文件</Filter>
    </ClInclude>
    <ClInclude Include="Resource.h">
      <Filter>头文件</Filter>
    </ClInclude>
    <ClInclude Include="PackListView.h">
      <Filter>头文件</Filter>
    </ClInclude>
    <ClInclude Include="PackInfoView.h">
      <Filter>头文件</Filter>
    </ClInclude>
    <ClInclude Include="PackHexView.h">
      <Filter>头文件</Filter>
    </ClInclude>
    <ClInclude Include="FilterDlg.h">
      <Filter>头文件</Filter>
    </ClInclude>
    <ClInclude Include="ChoiceDevs.h">
      <Filter>头文件</Filter>
    </ClInclude>
    <ClInclude Include="PackInfoAnalysis.h">
      <Filter>头文件</Filter>
    </ClInclude>
    <ClInclude Include="PackHexAnalysis.h">
      <Filter>头文件</Filter>
    </ClInclude>
    <ClInclude Include="SnifferThread.h">
      <Filter>头文件</Filter>
    </ClInclude>
    <ClInclude Include="SendPacket.h">
      <Filter>头文件</Filter>
    </ClInclude>
  </ItemGroup>
  <ItemGroup>
    <ClCompile Include="Sniffer-WindowsMFC.cpp">
      <Filter>源文件</Filter>
    </ClCompile>
    <ClCompile Include="stdafx.cpp">
      <Filter>源文件</Filter>
    </ClCompile>
    <ClCompile Include="MainFrm.cpp">
      <Filter>源文件</Filter>
    </ClCompile>
    <ClCompile Include="ChildView.cpp">
      <Filter>源文件</Filter>
    </ClCompile>
    <ClCompile Include="PackListView.cpp">
      <Filter>源文件</Filter>
    </ClCompile>
    <ClCompile Include="PackInfoView.cpp">
      <Filter>源文件</Filter>
    </ClCompile>
    <ClCompile Include="PackHexView.cpp">
      <Filter>源文件</Filter>
    </ClCompile>
    <ClCompile Include="FilterDlg.cpp">
      <Filter>源文件</Filter>
    </ClCompile>
    <ClCompile Include="ChoiceDevs.cpp">
      <Filter>源文件</Filter>
    </ClCompile>
    <ClCompile Include="PackInfoAnalysis.cpp">
      <Filter>源文件</Filter>
    </ClCompile>
    <ClCompile Include="PackHexAnalysis.cpp">
      <Filter>源文件</Filter>
    </ClCompile>
    <ClCompile Include="SnifferThread.cpp">
      <Filter>源文件</Filter>
    </ClCompile>
    <ClCompile Include="SendPacket.cpp">
      <Filter>源文件</Filter>
    </ClCompile>
  </ItemGroup>
  <ItemGroup>
    <ResourceCompile Include="SnifferWindowsMFC.rc">
      <Filter>资源文件</Filter>
    </ResourceCompile>
  </ItemGroup>
  <ItemGroup>
    <None Include="res\SnifferWindowsMFC.rc2">
      <Filter>资源文件</Filter>
    </None>
  </ItemGroup>
  <ItemGroup>
    <Image Include="res\Sniffer-WindowsMFC.ico">
      <Filter>资源文件</Filter>
    </Image>
    <Image Include="res\Toolbar.bmp">
      <Filter>资源文件</Filter>
    </Image>
    <Image Include="..\..\Sniffer-MFC\Sniffer-MFC\res\Toolbar.bmp">
      <Filter>资源文件</Filter>
    </Image>
    <Image Include="..\..\sniffer-mfc\sniffer-mfc\res\toolbar1.bmp">
      <Filter>资源文件</Filter>
    </Image>
    <Image Include="..\..\sniffer-mfc\sniffer-mfc\res\bitmap3.bmp">
      <Filter>资源文件</Filter>
    </Image>
    <Image Include="123.bmp">
      <Filter>资源文件</Filter>
    </Image>
  </ItemGroup>
  <ItemGroup>
    <Library Include="Lib\x64\Packet.lib" />
    <Library Include="Lib\x64\wpcap.lib" />
    <Library Include="Packet.lib" />
    <Library Include="wpcap.lib" />
  </ItemGroup>
</Project>